
Microsoft Visual Studio Solution File, Format Version 12.00
# Visual Studio Version 16
VisualStudioVersion = 16.0.29806.167
MinimumVisualStudioVersion = 10.0.40219.1
Project("{FAE04EC0-301F-11D3-BF4B-00C04F79EFBC}") = "Ntier.BilgeSchool.Core", "Ntier.BilgeSchool.Core\Ntier.BilgeSchool.Core.csproj", "{08B89837-76FD-43A3-A78C-223D7F313451}"
EndProject
Project("{FAE04EC0-301F-11D3-BF4B-00C04F79EFBC}") = "Ntier.BilgeSchool.Model", "Ntier.BilgeSchool.Model\Ntier.BilgeSchool.Model.csproj", "{F055C33C-12C6-4F9D-BD7D-63EFAAF311C7}"
EndProject
Project("{FAE04EC0-301F-11D3-BF4B-00C04F79EFBC}") = "Ntier.BilgeSchool.Service", "Ntier.BilgeSchool.Service\Ntier.BilgeSchool.Service.csproj", "{266A23FB-1865-4092-ACB1-E73E79FDFDD1}"
EndProject
Project("{FAE04EC0-301F-11D3-BF4B-00C04F79EFBC}") = "Ntier.BilgeSchool.Ui", "Ntier.BilgeSchool.Ui\Ntier.BilgeSchool.Ui.csproj", "{B9349BD9-0233-4488-B54D-B14F00E67AF4}"
EndProject
Global
	GlobalSection(SolutionConfigurationPlatforms) = preSolution
		Debug|Any CPU = Debug|Any CPU
		Release|Any CPU = Release|Any CPU
	EndGlobalSection
	GlobalSection(ProjectConfigurationPlatforms) = postSolution
		{08B89837-76FD-43A3-A78C-223D7F313451}.Debug|Any CPU.ActiveCfg = Debug|Any CPU
		{08B89837-76FD-43A3-A78C-223D7F313451}.Debug|Any CPU.Build.0 = Debug|Any CPU
		{08B89837-76FD-43A3-A78C-223D7F313451}.Release|Any CPU.ActiveCfg = Release|Any CPU
		{08B89837-76FD-43A3-A78C-223D7F313451}.Release|Any CPU.Build.0 = Release|Any CPU
		{F055C33C-12C6-4F9D-BD7D-63EFAAF311C7}.Debug|Any CPU.ActiveCfg = Debug|Any CPU
		{F055C33C-12C6-4F9D-BD7D-63EFAAF311C7}.Debug|Any CPU.Build.0 = Debug|Any CPU
		{F055C33C-12C6-4F9D-BD7D-63EFAAF311C7}.Release|Any CPU.ActiveCfg = Release|Any CPU
		{F055C33C-12C6-4F9D-BD7D-63EFAAF311C7}.Release|Any CPU.Build.0 = Release|Any CPU
		{266A23FB-1865-4092-ACB1-E73E79FDFDD1}.Debug|Any CPU.ActiveCfg = Debug|Any CPU
		{266A23FB-1865-4092-ACB1-E73E79FDFDD1}.Debug|Any CPU.Build.0 = Debug|Any CPU
		{266A23FB-1865-4092-ACB1-E73E79FDFDD1}.Release|Any CPU.ActiveCfg = Release|Any CPU
		{266A23FB-1865-4092-ACB1-E73E79FDFDD1}.Release|Any CPU.Build.0 = Release|Any CPU
		{B9349BD9-0233-4488-B54D-B14F00E67AF4}.Debug|Any CPU.ActiveCfg = Debug|Any CPU
		{B9349BD9-0233-4488-B54D-B14F00E67AF4}.Debug|Any CPU.Build.0 = Debug|Any CPU
		{B9349BD9-0233-4488-B54D-B14F00E67AF4}.Release|Any CPU.ActiveCfg = Release|Any CPU
		{B9349BD9-0233-4488-B54D-B14F00E67AF4}.Release|Any CPU.Build.0 = Release|Any CPU
	EndGlobalSection
	GlobalSection(SolutionProperties) = preSolution
		HideSolutionNode = FALSE
	EndGlobalSection
	GlobalSection(ExtensibilityGlobals) = postSolution
		SolutionGuid = {AFF480CA-96A9-4E03-BA1B-A38742FA9A10}
	EndGlobalSection
EndGlobal
